
Microsoft Visual Studio Solution File, Format Version 12.00
# Visual Studio 15
VisualStudioVersion = 15.0.26124.0
MinimumVisualStudioVersion = 15.0.26124.0
Project("{9A19103F-16F7-4668-BE54-9A1E7A4F7556}") = "FlightFinder.Web", "FlightFinder.Web\FlightFinder.Web.csproj", "{4686A5DF-169D-4FE4-A7E4-E401A1087B00}"
EndProject
Project("{9A19103F-16F7-4668-BE54-9A1E7A4F7556}") = "FlightFinder.BL", "FlightFinder.BL\FlightFinder.BL.csproj", "{6E7D53C5-C4B1-4D83-A889-F6A5182F47CA}"
EndProject
Project("{2150E333-8FDC-42A3-9474-1A3956D46DE8}") = "Tests", "Tests", "{1E8EC5FC-3FCB-42E6-AD42-25321AC3D7FB}"
EndProject
Project("{FAE04EC0-301F-11D3-BF4B-00C04F79EFBC}") = "FlightFinder.Web.Tests", "Tests\FlightFinder.Web.Tests\FlightFinder.Web.Tests.csproj", "{C3E0808B-FEA0-46DC-B9EC-69BC7F2447FA}"
EndProject
Global
	GlobalSection(SolutionConfigurationPlatforms) = preSolution
		Debug|Any CPU = Debug|Any CPU
		Debug|x64 = Debug|x64
		Debug|x86 = Debug|x86
		Release|Any CPU = Release|Any CPU
		Release|x64 = Release|x64
		Release|x86 = Release|x86
	EndGlobalSection
	GlobalSection(ProjectConfigurationPlatforms) = postSolution
		{4686A5DF-169D-4FE4-A7E4-E401A1087B00}.Debug|Any CPU.ActiveCfg = Debug|Any CPU
		{4686A5DF-169D-4FE4-A7E4-E401A1087B00}.Debug|Any CPU.Build.0 = Debug|Any CPU
		{4686A5DF-169D-4FE4-A7E4-E401A1087B00}.Debug|x64.ActiveCfg = Debug|Any CPU
		{4686A5DF-169D-4FE4-A7E4-E401A1087B00}.Debug|x64.Build.0 = Debug|Any CPU
		{4686A5DF-169D-4FE4-A7E4-E401A1087B00}.Debug|x86.ActiveCfg = Debug|Any CPU
		{4686A5DF-169D-4FE4-A7E4-E401A1087B00}.Debug|x86.Build.0 = Debug|Any CPU
		{4686A5DF-169D-4FE4-A7E4-E401A1087B00}.Release|Any CPU.ActiveCfg = Release|Any CPU
		{4686A5DF-169D-4FE4-A7E4-E401A1087B00}.Release|Any CPU.Build.0 = Release|Any CPU
		{4686A5DF-169D-4FE4-A7E4-E401A1087B00}.Release|x64.ActiveCfg = Release|Any CPU
		{4686A5DF-169D-4FE4-A7E4-E401A1087B00}.Release|x64.Build.0 = Release|Any CPU
		{4686A5DF-169D-4FE4-A7E4-E401A1087B00}.Release|x86.ActiveCfg = Release|Any CPU
		{4686A5DF-169D-4FE4-A7E4-E401A1087B00}.Release|x86.Build.0 = Release|Any CPU
		{6E7D53C5-C4B1-4D83-A889-F6A5182F47CA}.Debug|Any CPU.ActiveCfg = Debug|Any CPU
		{6E7D53C5-C4B1-4D83-A889-F6A5182F47CA}.Debug|Any CPU.Build.0 = Debug|Any CPU
		{6E7D53C5-C4B1-4D83-A889-F6A5182F47CA}.Debug|x64.ActiveCfg = Debug|Any CPU
		{6E7D53C5-C4B1-4D83-A889-F6A5182F47CA}.Debug|x64.Build.0 = Debug|Any CPU
		{6E7D53C5-C4B1-4D83-A889-F6A5182F47CA}.Debug|x86.ActiveCfg = Debug|Any CPU
		{6E7D53C5-C4B1-4D83-A889-F6A5182F47CA}.Debug|x86.Build.0 = Debug|Any CPU
		{6E7D53C5-C4B1-4D83-A889-F6A5182F47CA}.Release|Any CPU.ActiveCfg = Release|Any CPU
		{6E7D53C5-C4B1-4D83-A889-F6A5182F47CA}.Release|Any CPU.Build.0 = Release|Any CPU
		{6E7D53C5-C4B1-4D83-A889-F6A5182F47CA}.Release|x64.ActiveCfg = Release|Any CPU
		{6E7D53C5-C4B1-4D83-A889-F6A5182F47CA}.Release|x64.Build.0 = Release|Any CPU
		{6E7D53C5-C4B1-4D83-A889-F6A5182F47CA}.Release|x86.ActiveCfg = Release|Any CPU
		{6E7D53C5-C4B1-4D83-A889-F6A5182F47CA}.Release|x86.Build.0 = Release|Any CPU
		{C3E0808B-FEA0-46DC-B9EC-69BC7F2447FA}.Debug|Any CPU.ActiveCfg = Debug|Any CPU
		{C3E0808B-FEA0-46DC-B9EC-69BC7F2447FA}.Debug|Any CPU.Build.0 = Debug|Any CPU
		{C3E0808B-FEA0-46DC-B9EC-69BC7F2447FA}.Debug|x64.ActiveCfg = Debug|Any CPU
		{C3E0808B-FEA0-46DC-B9EC-69BC7F2447FA}.Debug|x64.Build.0 = Debug|Any CPU
		{C3E0808B-FEA0-46DC-B9EC-69BC7F2447FA}.Debug|x86.ActiveCfg = Debug|Any CPU
		{C3E0808B-FEA0-46DC-B9EC-69BC7F2447FA}.Debug|x86.Build.0 = Debug|Any CPU
		{C3E0808B-FEA0-46DC-B9EC-69BC7F2447FA}.Release|Any CPU.ActiveCfg = Release|Any CPU
		{C3E0808B-FEA0-46DC-B9EC-69BC7F2447FA}.Release|Any CPU.Build.0 = Release|Any CPU
		{C3E0808B-FEA0-46DC-B9EC-69BC7F2447FA}.Release|x64.ActiveCfg = Release|Any CPU
		{C3E0808B-FEA0-46DC-B9EC-69BC7F2447FA}.Release|x64.Build.0 = Release|Any CPU
		{C3E0808B-FEA0-46DC-B9EC-69BC7F2447FA}.Release|x86.ActiveCfg = Release|Any CPU
		{C3E0808B-FEA0-46DC-B9EC-69BC7F2447FA}.Release|x86.Build.0 = Release|Any CPU
	EndGlobalSection
	GlobalSection(SolutionProperties) = preSolution
		HideSolutionNode = FALSE
	EndGlobalSection
	GlobalSection(NestedProjects) = preSolution
		{C3E0808B-FEA0-46DC-B9EC-69BC7F2447FA} = {1E8EC5FC-3FCB-42E6-AD42-25321AC3D7FB}
	EndGlobalSection
	GlobalSection(ExtensibilityGlobals) = postSolution
		SolutionGuid = {C3F73E15-2FDE-4D96-9009-3762506C318C}
	EndGlobalSection
EndGlobal
